
Microsoft Visual Studio Solution File, Format Version 12.00
# Visual Studio Version 17
VisualStudioVersion = 17.10.35027.167
MinimumVisualStudioVersion = 10.0.40219.1
Project("{FAE04EC0-301F-11D3-BF4B-00C04F79EFBC}") = "LunaBuildCreator", "LunaBuildCreator\LunaBuildCreator.csproj", "{AE1A9CE2-4EBF-44DF-BA91-533F6370C281}"
EndProject
Global
	GlobalSection(SolutionConfigurationPlatforms) = preSolution
		Debug|Any CPU = Debug|Any CPU
		Release|Any CPU = Release|Any CPU
	EndGlobalSection
	GlobalSection(ProjectConfigurationPlatforms) = postSolution
		{AE1A9CE2-4EBF-44DF-BA91-533F6370C281}.Debug|Any CPU.ActiveCfg = Debug|Any CPU
		{AE1A9CE2-4EBF-44DF-BA91-533F6370C281}.Debug|Any CPU.Build.0 = Debug|Any CPU
		{AE1A9CE2-4EBF-44DF-BA91-533F6370C281}.Release|Any CPU.ActiveCfg = Release|Any CPU
		{AE1A9CE2-4EBF-44DF-BA91-533F6370C281}.Release|Any CPU.Build.0 = Release|Any CPU
	EndGlobalSection
	GlobalSection(SolutionProperties) = preSolution
		HideSolutionNode = FALSE
	EndGlobalSection
	GlobalSection(ExtensibilityGlobals) = postSolution
		SolutionGuid = {5A0633FE-E752-4C5D-A375-05A0A4A07A4A}
	EndGlobalSection
EndGlobal
